
Microsoft Visual Studio Solution File, Format Version 12.00
# Visual Studio Version 17
VisualStudioVersion = 17.9.34902.65
MinimumVisualStudioVersion = 10.0.40219.1
Project("{FAE04EC0-301F-11D3-BF4B-00C04F79EFBC}") = "kolko i krzyzyk", "kolko i krzyzyk\kolko i krzyzyk.csproj", "{A332BC3F-6A4D-46BC-AE28-CD1FFE56AB9C}"
EndProject
Global
	GlobalSection(SolutionConfigurationPlatforms) = preSolution
		Debug|Any CPU = Debug|Any CPU
		Release|Any CPU = Release|Any CPU
	EndGlobalSection
	GlobalSection(ProjectConfigurationPlatforms) = postSolution
		{A332BC3F-6A4D-46BC-AE28-CD1FFE56AB9C}.Debug|Any CPU.ActiveCfg = Debug|Any CPU
		{A332BC3F-6A4D-46BC-AE28-CD1FFE56AB9C}.Debug|Any CPU.Build.0 = Debug|Any CPU
		{A332BC3F-6A4D-46BC-AE28-CD1FFE56AB9C}.Release|Any CPU.ActiveCfg = Release|Any CPU
		{A332BC3F-6A4D-46BC-AE28-CD1FFE56AB9C}.Release|Any CPU.Build.0 = Release|Any CPU
	EndGlobalSection
	GlobalSection(SolutionProperties) = preSolution
		HideSolutionNode = FALSE
	EndGlobalSection
	GlobalSection(ExtensibilityGlobals) = postSolution
		SolutionGuid = {7F081AAA-6CAA-41F3-AC02-CC867AB071E5}
	EndGlobalSection
EndGlobal
